
Microsoft Visual Studio Solution File, Format Version 12.00
# Visual Studio Version 17
VisualStudioVersion = 17.13.35828.75
MinimumVisualStudioVersion = 10.0.40219.1
Project("{FAE04EC0-301F-11D3-BF4B-00C04F79EFBC}") = "RookieRise.API", "RookieRise.API\RookieRise.API.csproj", "{B2083915-A782-48B0-B903-372F1F059C99}"
EndProject
Project("{FAE04EC0-301F-11D3-BF4B-00C04F79EFBC}") = "RookieRise.Data", "RookieRise.Data\RookieRise.Data.csproj", "{4B153AA5-3EE2-46B5-9084-164C9CD8D7A4}"
EndProject
Project("{FAE04EC0-301F-11D3-BF4B-00C04F79EFBC}") = "RookieRise.Presistance", "RookieRise.Presistance\RookieRise.Presistance.csproj", "{2139DCCA-B407-4987-A1BC-459224E62B4F}"
EndProject
Project("{FAE04EC0-301F-11D3-BF4B-00C04F79EFBC}") = "RookieRise.Infrastructure", "RookieRise.Infrastructure\RookieRise.Infrastructure.csproj", "{68BA59C4-F19A-4EBB-80F8-DDB1D75D5560}"
EndProject
Project("{FAE04EC0-301F-11D3-BF4B-00C04F79EFBC}") = "RookieRise.Application", "RookieRise.Application\RookieRise.Application.csproj", "{E2F56517-99B4-4F27-9E93-489FD39CC4D4}"
EndProject
Global
	GlobalSection(SolutionConfigurationPlatforms) = preSolution
		Debug|Any CPU = Debug|Any CPU
		Release|Any CPU = Release|Any CPU
	EndGlobalSection
	GlobalSection(ProjectConfigurationPlatforms) = postSolution
		{B2083915-A782-48B0-B903-372F1F059C99}.Debug|Any CPU.ActiveCfg = Debug|Any CPU
		{B2083915-A782-48B0-B903-372F1F059C99}.Debug|Any CPU.Build.0 = Debug|Any CPU
		{B2083915-A782-48B0-B903-372F1F059C99}.Release|Any CPU.ActiveCfg = Release|Any CPU
		{B2083915-A782-48B0-B903-372F1F059C99}.Release|Any CPU.Build.0 = Release|Any CPU
		{4B153AA5-3EE2-46B5-9084-164C9CD8D7A4}.Debug|Any CPU.ActiveCfg = Debug|Any CPU
		{4B153AA5-3EE2-46B5-9084-164C9CD8D7A4}.Debug|Any CPU.Build.0 = Debug|Any CPU
		{4B153AA5-3EE2-46B5-9084-164C9CD8D7A4}.Release|Any CPU.ActiveCfg = Release|Any CPU
		{4B153AA5-3EE2-46B5-9084-164C9CD8D7A4}.Release|Any CPU.Build.0 = Release|Any CPU
		{2139DCCA-B407-4987-A1BC-459224E62B4F}.Debug|Any CPU.ActiveCfg = Debug|Any CPU
		{2139DCCA-B407-4987-A1BC-459224E62B4F}.Debug|Any CPU.Build.0 = Debug|Any CPU
		{2139DCCA-B407-4987-A1BC-459224E62B4F}.Release|Any CPU.ActiveCfg = Release|Any CPU
		{2139DCCA-B407-4987-A1BC-459224E62B4F}.Release|Any CPU.Build.0 = Release|Any CPU
		{68BA59C4-F19A-4EBB-80F8-DDB1D75D5560}.Debug|Any CPU.ActiveCfg = Debug|Any CPU
		{68BA59C4-F19A-4EBB-80F8-DDB1D75D5560}.Debug|Any CPU.Build.0 = Debug|Any CPU
		{68BA59C4-F19A-4EBB-80F8-DDB1D75D5560}.Release|Any CPU.ActiveCfg = Release|Any CPU
		{68BA59C4-F19A-4EBB-80F8-DDB1D75D5560}.Release|Any CPU.Build.0 = Release|Any CPU
		{E2F56517-99B4-4F27-9E93-489FD39CC4D4}.Debug|Any CPU.ActiveCfg = Debug|Any CPU
		{E2F56517-99B4-4F27-9E93-489FD39CC4D4}.Debug|Any CPU.Build.0 = Debug|Any CPU
		{E2F56517-99B4-4F27-9E93-489FD39CC4D4}.Release|Any CPU.ActiveCfg = Release|Any CPU
		{E2F56517-99B4-4F27-9E93-489FD39CC4D4}.Release|Any CPU.Build.0 = Release|Any CPU
	EndGlobalSection
	GlobalSection(SolutionProperties) = preSolution
		HideSolutionNode = FALSE
	EndGlobalSection
	GlobalSection(ExtensibilityGlobals) = postSolution
		SolutionGuid = {F4990AB0-AE64-498F-BA06-A6FE0BD66B3C}
	EndGlobalSection
EndGlobal
